
Microsoft Visual Studio Solution File, Format Version 12.00
# Visual Studio Version 17
VisualStudioVersion = 17.9.34723.18
MinimumVisualStudioVersion = 10.0.40219.1
Project("{2150E333-8FDC-42A3-9474-1A3956D46DE8}") = "Performace", "Performace", "{7703F9C1-3FEE-4A00-96B0-E6AFA811BBB3}"
EndProject
Project("{FAE04EC0-301F-11D3-BF4B-00C04F79EFBC}") = "Efcore", "Efcore\Efcore.csproj", "{75F14D2D-138B-4198-91D3-984654433F92}"
EndProject
Project("{E53339B2-1760-4266-BCC7-CA923CBCF16C}") = "docker-compose", "docker-compose.dcproj", "{2C33EEB5-5238-4A45-9272-198E53D7E58A}"
EndProject
Global
	GlobalSection(SolutionConfigurationPlatforms) = preSolution
		Debug|Any CPU = Debug|Any CPU
		Release|Any CPU = Release|Any CPU
	EndGlobalSection
	GlobalSection(ProjectConfigurationPlatforms) = postSolution
		{75F14D2D-138B-4198-91D3-984654433F92}.Debug|Any CPU.ActiveCfg = Debug|Any CPU
		{75F14D2D-138B-4198-91D3-984654433F92}.Debug|Any CPU.Build.0 = Debug|Any CPU
		{75F14D2D-138B-4198-91D3-984654433F92}.Release|Any CPU.ActiveCfg = Release|Any CPU
		{75F14D2D-138B-4198-91D3-984654433F92}.Release|Any CPU.Build.0 = Release|Any CPU
		{2C33EEB5-5238-4A45-9272-198E53D7E58A}.Debug|Any CPU.ActiveCfg = Debug|Any CPU
		{2C33EEB5-5238-4A45-9272-198E53D7E58A}.Debug|Any CPU.Build.0 = Debug|Any CPU
		{2C33EEB5-5238-4A45-9272-198E53D7E58A}.Release|Any CPU.ActiveCfg = Release|Any CPU
		{2C33EEB5-5238-4A45-9272-198E53D7E58A}.Release|Any CPU.Build.0 = Release|Any CPU
	EndGlobalSection
	GlobalSection(SolutionProperties) = preSolution
		HideSolutionNode = FALSE
	EndGlobalSection
	GlobalSection(NestedProjects) = preSolution
		{75F14D2D-138B-4198-91D3-984654433F92} = {7703F9C1-3FEE-4A00-96B0-E6AFA811BBB3}
	EndGlobalSection
	GlobalSection(ExtensibilityGlobals) = postSolution
		SolutionGuid = {7526984F-58DD-4044-B69B-E46587D33AC8}
	EndGlobalSection
EndGlobal
